{
  "name": "NodeTools",
  "version": "1.0.0",
  "lockfileVersion": 1,
  "requires": true,
  "dependencies": {
    "minimist": {
      "version": "1.2.5",
      "resolved": "https://registry.npm.taobao.org/minimist/download/minimist-1.2.5.tgz?cache=0&sync_timestamp=1584051509720&other_urls=https%3A%2F%2Fregistry.npm.taobao.org%2Fminimist%2Fdownload%2Fminimist-1.2.5.tgz",
      "integrity": "sha1-Z9ZgFLZqaoqqDAg8X9WN9OTpdgI=",
      "dev": true
    },
    "nodemailer": {
      "version": "6.4.11",
      "resolved": "https://registry.npm.taobao.org/nodemailer/download/nodemailer-6.4.11.tgz",
      "integrity": "sha1-HwC0/9EGQD8XwD89Q9WUWyZ3BGw=",
      "dev": true
    }
  }
}
